
Microsoft Visual Studio Solution File, Format Version 12.00
# Visual Studio 15
Project("{FAE04EC0-301F-11D3-BF4B-00C04F79EFBC}") = "Assembly-CSharp", "Assembly-CSharp.csproj", "{BB5B3B6A-FF23-DEBB-1D27-1F7197756C28}"
EndProject
Project("{FAE04EC0-301F-11D3-BF4B-00C04F79EFBC}") = "Assembly-CSharp-Editor", "Assembly-CSharp-Editor.csproj", "{8701CB07-3BAE-B21E-1F4F-40ADBDC50876}"
EndProject
Project("{FAE04EC0-301F-11D3-BF4B-00C04F79EFBC}") = "Assembly-CSharp", "Assembly-CSharp.Player.csproj", "{C004CC56-F33C-0AE6-7709-BA597FE2174C}"
EndProject
Global
	GlobalSection(SolutionConfigurationPlatforms) = preSolution
		Debug|Any CPU = Debug|Any CPU
		Release|Any CPU = Release|Any CPU
	EndGlobalSection
	GlobalSection(ProjectConfigurationPlatforms) = postSolution
		{BB5B3B6A-FF23-DEBB-1D27-1F7197756C28}.Debug|Any CPU.ActiveCfg = Debug|Any CPU
		{BB5B3B6A-FF23-DEBB-1D27-1F7197756C28}.Debug|Any CPU.Build.0 = Debug|Any CPU
		{BB5B3B6A-FF23-DEBB-1D27-1F7197756C28}.Release|Any CPU.ActiveCfg = Release|Any CPU
		{BB5B3B6A-FF23-DEBB-1D27-1F7197756C28}.Release|Any CPU.Build.0 = Release|Any CPU
		{8701CB07-3BAE-B21E-1F4F-40ADBDC50876}.Debug|Any CPU.ActiveCfg = Debug|Any CPU
		{8701CB07-3BAE-B21E-1F4F-40ADBDC50876}.Debug|Any CPU.Build.0 = Debug|Any CPU
		{8701CB07-3BAE-B21E-1F4F-40ADBDC50876}.Release|Any CPU.ActiveCfg = Release|Any CPU
		{8701CB07-3BAE-B21E-1F4F-40ADBDC50876}.Release|Any CPU.Build.0 = Release|Any CPU
		{C004CC56-F33C-0AE6-7709-BA597FE2174C}.Debug|Any CPU.ActiveCfg = Debug|Any CPU
		{C004CC56-F33C-0AE6-7709-BA597FE2174C}.Debug|Any CPU.Build.0 = Debug|Any CPU
		{C004CC56-F33C-0AE6-7709-BA597FE2174C}.Release|Any CPU.ActiveCfg = Release|Any CPU
		{C004CC56-F33C-0AE6-7709-BA597FE2174C}.Release|Any CPU.Build.0 = Release|Any CPU
	EndGlobalSection
	GlobalSection(SolutionProperties) = preSolution
		HideSolutionNode = FALSE
	EndGlobalSection
EndGlobal
